
Microsoft Visual Studio Solution File, Format Version 12.00
# Visual Studio Version 17
VisualStudioVersion = 17.1.32319.34
MinimumVisualStudioVersion = 10.0.40219.1
Project("{9A19103F-16F7-4668-BE54-9A1E7A4F7556}") = "ServerCode", "ServerCode\ServerCode.csproj", "{DC113A4C-F4E7-498A-BD88-F26F843BBBC4}"
EndProject
Project("{9A19103F-16F7-4668-BE54-9A1E7A4F7556}") = "ClientCode", "ClientCode\ClientCode.csproj", "{348973C3-A0D0-40FF-BACE-F2FDB7F2E6C2}"
EndProject
Global
	GlobalSection(SolutionConfigurationPlatforms) = preSolution
		Debug|Any CPU = Debug|Any CPU
		Release|Any CPU = Release|Any CPU
	EndGlobalSection
	GlobalSection(ProjectConfigurationPlatforms) = postSolution
		{DC113A4C-F4E7-498A-BD88-F26F843BBBC4}.Debug|Any CPU.ActiveCfg = Debug|Any CPU
		{DC113A4C-F4E7-498A-BD88-F26F843BBBC4}.Debug|Any CPU.Build.0 = Debug|Any CPU
		{DC113A4C-F4E7-498A-BD88-F26F843BBBC4}.Release|Any CPU.ActiveCfg = Release|Any CPU
		{DC113A4C-F4E7-498A-BD88-F26F843BBBC4}.Release|Any CPU.Build.0 = Release|Any CPU
		{348973C3-A0D0-40FF-BACE-F2FDB7F2E6C2}.Debug|Any CPU.ActiveCfg = Debug|Any CPU
		{348973C3-A0D0-40FF-BACE-F2FDB7F2E6C2}.Debug|Any CPU.Build.0 = Debug|Any CPU
		{348973C3-A0D0-40FF-BACE-F2FDB7F2E6C2}.Release|Any CPU.ActiveCfg = Release|Any CPU
		{348973C3-A0D0-40FF-BACE-F2FDB7F2E6C2}.Release|Any CPU.Build.0 = Release|Any CPU
	EndGlobalSection
	GlobalSection(SolutionProperties) = preSolution
		HideSolutionNode = FALSE
	EndGlobalSection
	GlobalSection(ExtensibilityGlobals) = postSolution
		SolutionGuid = {1411699A-0DC0-477D-84A2-3D483720E6EA}
	EndGlobalSection
EndGlobal
